// !$*UTF8*$!
{
	archiveVersion = 1;
	classes = {
	};
	objectVersion = 46;
	objects = {

/* Begin PBXBuildFile section */
		EA013B611E1EDE9800472454 /* AppDelegate.swift in Sources */ = {isa = PBXBuildFile; fileRef = EA013B601E1EDE9800472454 /* AppDelegate.swift */; };
		EA013B661E1EDE9800472454 /* KKWords.xcdatamodeld in Sources */ = {isa = PBXBuildFile; fileRef = EA013B641E1EDE9800472454 /* KKWords.xcdatamodeld */; };
		EA013B681E1EDE9800472454 /* Assets.xcassets in Resources */ = {isa = PBXBuildFile; fileRef = EA013B671E1EDE9800472454 /* Assets.xcassets */; };
		EA013B6B1E1EDE9800472454 /* Main.storyboard in Resources */ = {isa = PBXBuildFile; fileRef = EA013B691E1EDE9800472454 /* Main.storyboard */; };
		EA013B761E1EDE9800472454 /* KKWordsTests.swift in Sources */ = {isa = PBXBuildFile; fileRef = EA013B751E1EDE9800472454 /* KKWordsTests.swift */; };
		EA013B811E1EDE9800472454 /* KKWordsUITests.swift in Sources */ = {isa = PBXBuildFile; fileRef = EA013B801E1EDE9800472454 /* KKWordsUITests.swift */; };
		EA30D8B61E22A1480003B705 /* KKWordFile.swift in Sources */ = {isa = PBXBuildFile; fileRef = EA30D8B51E22A1480003B705 /* KKWordFile.swift */; };
		EA30D8BB1E22A2AA0003B705 /* CHCSVParser.m in Sources */ = {isa = PBXBuildFile; fileRef = EA30D8B91E22A2AA0003B705 /* CHCSVParser.m */; };
		EA30D8BE1E22A6CD0003B705 /* CSV.swift in Sources */ = {isa = PBXBuildFile; fileRef = EA30D8BD1E22A6CD0003B705 /* CSV.swift */; };
		EA30D8C01E22FE700003B705 /* PreferenceView.swift in Sources */ = {isa = PBXBuildFile; fileRef = EA30D8BF1E22FE700003B705 /* PreferenceView.swift */; };
		EA3C6C711E20469500838950 /* AppMenu.swift in Sources */ = {isa = PBXBuildFile; fileRef = EA3C6C701E20469500838950 /* AppMenu.swift */; };
		EA439DF21E217B3300FF6EA3 /* SwiftTimer.swift in Sources */ = {isa = PBXBuildFile; fileRef = EA439DF11E217B3300FF6EA3 /* SwiftTimer.swift */; };
		EA6C31931E24264E00F88AC2 /* DispatchQueueAdaption.m in Sources */ = {isa = PBXBuildFile; fileRef = EA6C31921E24264E00F88AC2 /* DispatchQueueAdaption.m */; };
		EA6C31961E242A5700F88AC2 /* DispatchQueue+Adaption.swift in Sources */ = {isa = PBXBuildFile; fileRef = EA6C31951E242A5700F88AC2 /* DispatchQueue+Adaption.swift */; };
		EA6C31981E242F6B00F88AC2 /* RegroupAlertView.swift in Sources */ = {isa = PBXBuildFile; fileRef = EA6C31971E242F6B00F88AC2 /* RegroupAlertView.swift */; };
		EA8218081E1EE21A0026127D /* WindowController.swift in Sources */ = {isa = PBXBuildFile; fileRef = EA8218071E1EE21A0026127D /* WindowController.swift */; };
		EA82180E1E1EEF990026127D /* QuizViewController.swift in Sources */ = {isa = PBXBuildFile; fileRef = EA82180D1E1EEF990026127D /* QuizViewController.swift */; };
		EA8218211E1F6CDD0026127D /* KKUtils.swift in Sources */ = {isa = PBXBuildFile; fileRef = EA8218201E1F6CDD0026127D /* KKUtils.swift */; };
		EABCD0381E20753E00330648 /* KKWords.storedata in Resources */ = {isa = PBXBuildFile; fileRef = EABCD0331E20753E00330648 /* KKWords.storedata */; };
		EABCD0411E20776200330648 /* WordInfo+CoreDataClass.swift in Sources */ = {isa = PBXBuildFile; fileRef = EABCD03D1E20776200330648 /* WordInfo+CoreDataClass.swift */; };
		EABCD0421E20776200330648 /* WordInfo+CoreDataProperties.swift in Sources */ = {isa = PBXBuildFile; fileRef = EABCD03E1E20776200330648 /* WordInfo+CoreDataProperties.swift */; };
		EABCD0431E20776200330648 /* WordList+CoreDataClass.swift in Sources */ = {isa = PBXBuildFile; fileRef = EABCD03F1E20776200330648 /* WordList+CoreDataClass.swift */; };
		EABCD0441E20776200330648 /* WordList+CoreDataProperties.swift in Sources */ = {isa = PBXBuildFile; fileRef = EABCD0401E20776200330648 /* WordList+CoreDataProperties.swift */; };
		EABCD0461E20904900330648 /* KKPronounce.swift in Sources */ = {isa = PBXBuildFile; fileRef = EABCD0451E20904900330648 /* KKPronounce.swift */; };
		EABCD0481E215FED00330648 /* WarningBadge.swift in Sources */ = {isa = PBXBuildFile; fileRef = EABCD0471E215FED00330648 /* WarningBadge.swift */; };
		EAF4256D1E21DF2A00B60F05 /* SQLite.framework in Frameworks */ = {isa = PBXBuildFile; fileRef = EAF4256C1E21DF2A00B60F05 /* SQLite.framework */; };
		EAF4256F1E21DF3000B60F05 /* SQLite.framework in Embed Frameworks */ = {isa = PBXBuildFile; fileRef = EAF4256C1E21DF2A00B60F05 /* SQLite.framework */; settings = {ATTRIBUTES = (CodeSignOnCopy, RemoveHeadersOnCopy, ); }; };
/* End PBXBuildFile section */

/* Begin PBXContainerItemProxy section */
		EA013B721E1EDE9800472454 /* PBXContainerItemProxy */ = {
			isa = PBXContainerItemProxy;
			containerPortal = EA013B551E1EDE9800472454 /* Project object */;
			proxyType = 1;
			remoteGlobalIDString = EA013B5C1E1EDE9800472454;
			remoteInfo = KKWords;
		};
		EA013B7D1E1EDE9800472454 /* PBXContainerItemProxy */ = {
			isa = PBXContainerItemProxy;
			containerPortal = EA013B551E1EDE9800472454 /* Project object */;
			proxyType = 1;
			remoteGlobalIDString = EA013B5C1E1EDE9800472454;
			remoteInfo = KKWords;
		};
/* End PBXContainerItemProxy section */

/* Begin PBXCopyFilesBuildPhase section */
		EAF425701E21DF3000B60F05 /* Embed Frameworks */ = {
			isa = PBXCopyFilesBuildPhase;
			buildActionMask = 2147483647;
			dstPath = "";
			dstSubfolderSpec = 10;
			files = (
				EAF4256F1E21DF3000B60F05 /* SQLite.framework in Embed Frameworks */,
			);
			name = "Embed Frameworks";
			runOnlyForDeploymentPostprocessing = 0;
		};
/* End PBXCopyFilesBuildPhase section */

/* Begin PBXFileReference section */
		EA013B5D1E1EDE9800472454 /* KKWords.app */ = {isa = PBXFileReference; explicitFileType = wrapper.application; includeInIndex = 0; path = KKWords.app; sourceTree = BUILT_PRODUCTS_DIR; };
		EA013B601E1EDE9800472454 /* AppDelegate.swift */ = {isa = PBXFileReference; lastKnownFileType = sourcecode.swift; path = AppDelegate.swift; sourceTree = "<group>"; };
		EA013B651E1EDE9800472454 /* KKWords.xcdatamodel */ = {isa = PBXFileReference; lastKnownFileType = wrapper.xcdatamodel; path = KKWords.xcdatamodel; sourceTree = "<group>"; };
		EA013B671E1EDE9800472454 /* Assets.xcassets */ = {isa = PBXFileReference; lastKnownFileType = folder.assetcatalog; path = Assets.xcassets; sourceTree = "<group>"; };
		EA013B6A1E1EDE9800472454 /* Base */ = {isa = PBXFileReference; lastKnownFileType = file.storyboard; name = Base; path = Base.lproj/Main.storyboard; sourceTree = "<group>"; };
		EA013B6C1E1EDE9800472454 /* Info.plist */ = {isa = PBXFileReference; lastKnownFileType = text.plist.xml; path = Info.plist; sourceTree = "<group>"; };
		EA013B711E1EDE9800472454 /* KKWordsTests.xctest */ = {isa = PBXFileReference; explicitFileType = wrapper.cfbundle; includeInIndex = 0; path = KKWordsTests.xctest; sourceTree = BUILT_PRODUCTS_DIR; };
		EA013B751E1EDE9800472454 /* KKWordsTests.swift */ = {isa = PBXFileReference; lastKnownFileType = sourcecode.swift; path = KKWordsTests.swift; sourceTree = "<group>"; };
		EA013B771E1EDE9800472454 /* Info.plist */ = {isa = PBXFileReference; lastKnownFileType = text.plist.xml; path = Info.plist; sourceTree = "<group>"; };
		EA013B7C1E1EDE9800472454 /* KKWordsUITests.xctest */ = {isa = PBXFileReference; explicitFileType = wrapper.cfbundle; includeInIndex = 0; path = KKWordsUITests.xctest; sourceTree = BUILT_PRODUCTS_DIR; };
		EA013B801E1EDE9800472454 /* KKWordsUITests.swift */ = {isa = PBXFileReference; lastKnownFileType = sourcecode.swift; path = KKWordsUITests.swift; sourceTree = "<group>"; };
		EA013B821E1EDE9800472454 /* Info.plist */ = {isa = PBXFileReference; lastKnownFileType = text.plist.xml; path = Info.plist; sourceTree = "<group>"; };
		EA30D8B51E22A1480003B705 /* KKWordFile.swift */ = {isa = PBXFileReference; fileEncoding = 4; lastKnownFileType = sourcecode.swift; path = KKWordFile.swift; sourceTree = "<group>"; };
		EA30D8B81E22A2AA0003B705 /* CHCSVParser.h */ = {isa = PBXFileReference; fileEncoding = 4; lastKnownFileType = sourcecode.c.h; path = CHCSVParser.h; sourceTree = "<group>"; };
		EA30D8B91E22A2AA0003B705 /* CHCSVParser.m */ = {isa = PBXFileReference; fileEncoding = 4; lastKnownFileType = sourcecode.c.objc; path = CHCSVParser.m; sourceTree = "<group>"; };
		EA30D8BD1E22A6CD0003B705 /* CSV.swift */ = {isa = PBXFileReference; fileEncoding = 4; lastKnownFileType = sourcecode.swift; path = CSV.swift; sourceTree = "<group>"; };
		EA30D8BF1E22FE700003B705 /* PreferenceView.swift */ = {isa = PBXFileReference; fileEncoding = 4; lastKnownFileType = sourcecode.swift; path = PreferenceView.swift; sourceTree = "<group>"; };
		EA3C6C701E20469500838950 /* AppMenu.swift */ = {isa = PBXFileReference; fileEncoding = 4; lastKnownFileType = sourcecode.swift; path = AppMenu.swift; sourceTree = "<group>"; };
		EA439DF11E217B3300FF6EA3 /* SwiftTimer.swift */ = {isa = PBXFileReference; fileEncoding = 4; lastKnownFileType = sourcecode.swift; path = SwiftTimer.swift; sourceTree = "<group>"; };
		EA6C31921E24264E00F88AC2 /* DispatchQueueAdaption.m */ = {isa = PBXFileReference; fileEncoding = 4; lastKnownFileType = sourcecode.c.objc; path = DispatchQueueAdaption.m; sourceTree = "<group>"; };
		EA6C31941E24285000F88AC2 /* DispatchQueueAdaption.h */ = {isa = PBXFileReference; lastKnownFileType = sourcecode.c.h; name = DispatchQueueAdaption.h; path = ../DispatchQueueAdaption.h; sourceTree = "<group>"; };
		EA6C31951E242A5700F88AC2 /* DispatchQueue+Adaption.swift */ = {isa = PBXFileReference; fileEncoding = 4; lastKnownFileType = sourcecode.swift; path = "DispatchQueue+Adaption.swift"; sourceTree = "<group>"; };
		EA6C31971E242F6B00F88AC2 /* RegroupAlertView.swift */ = {isa = PBXFileReference; fileEncoding = 4; lastKnownFileType = sourcecode.swift; path = RegroupAlertView.swift; sourceTree = "<group>"; };
		EA8218071E1EE21A0026127D /* WindowController.swift */ = {isa = PBXFileReference; fileEncoding = 4; lastKnownFileType = sourcecode.swift; path = WindowController.swift; sourceTree = "<group>"; };
		EA82180D1E1EEF990026127D /* QuizViewController.swift */ = {isa = PBXFileReference; fileEncoding = 4; lastKnownFileType = sourcecode.swift; path = QuizViewController.swift; sourceTree = "<group>"; };
		EA8218201E1F6CDD0026127D /* KKUtils.swift */ = {isa = PBXFileReference; fileEncoding = 4; lastKnownFileType = sourcecode.swift; path = KKUtils.swift; sourceTree = "<group>"; };
		EABCD0331E20753E00330648 /* KKWords.storedata */ = {isa = PBXFileReference; fileEncoding = 4; lastKnownFileType = text.xml; name = KKWords.storedata; path = KKWords/Entities/KKWords.storedata; sourceTree = "<group>"; };
		EABCD03D1E20776200330648 /* WordInfo+CoreDataClass.swift */ = {isa = PBXFileReference; fileEncoding = 4; lastKnownFileType = sourcecode.swift; name = "WordInfo+CoreDataClass.swift"; path = "KKWords/Entities/WordInfo+CoreDataClass.swift"; sourceTree = "<group>"; };
		EABCD03E1E20776200330648 /* WordInfo+CoreDataProperties.swift */ = {isa = PBXFileReference; fileEncoding = 4; lastKnownFileType = sourcecode.swift; name = "WordInfo+CoreDataProperties.swift"; path = "KKWords/Entities/WordInfo+CoreDataProperties.swift"; sourceTree = "<group>"; };
		EABCD03F1E20776200330648 /* WordList+CoreDataClass.swift */ = {isa = PBXFileReference; fileEncoding = 4; lastKnownFileType = sourcecode.swift; name = "WordList+CoreDataClass.swift"; path = "KKWords/Entities/WordList+CoreDataClass.swift"; sourceTree = "<group>"; };
		EABCD0401E20776200330648 /* WordList+CoreDataProperties.swift */ = {isa = PBXFileReference; fileEncoding = 4; lastKnownFileType = sourcecode.swift; name = "WordList+CoreDataProperties.swift"; path = "KKWords/Entities/WordList+CoreDataProperties.swift"; sourceTree = "<group>"; };
		EABCD0451E20904900330648 /* KKPronounce.swift */ = {isa = PBXFileReference; fileEncoding = 4; lastKnownFileType = sourcecode.swift; path = KKPronounce.swift; sourceTree = "<group>"; };
		EABCD0471E215FED00330648 /* WarningBadge.swift */ = {isa = PBXFileReference; fileEncoding = 4; lastKnownFileType = sourcecode.swift; path = WarningBadge.swift; sourceTree = "<group>"; };
		EAE8BD801E21A817004D93C3 /* KKWords-Bridging-Header.h */ = {isa = PBXFileReference; lastKnownFileType = sourcecode.c.h; path = "KKWords-Bridging-Header.h"; sourceTree = "<group>"; };
		EAF4256C1E21DF2A00B60F05 /* SQLite.framework */ = {isa = PBXFileReference; lastKnownFileType = wrapper.framework; name = SQLite.framework; path = Carthage/Build/Mac/SQLite.framework; sourceTree = "<group>"; };
/* End PBXFileReference section */

/* Begin PBXFrameworksBuildPhase section */
		EA013B5A1E1EDE9800472454 /* Frameworks */ = {
			isa = PBXFrameworksBuildPhase;
			buildActionMask = 2147483647;
			files = (
				EAF4256D1E21DF2A00B60F05 /* SQLite.framework in Frameworks */,
			);
			runOnlyForDeploymentPostprocessing = 0;
		};
		EA013B6E1E1EDE9800472454 /* Frameworks */ = {
			isa = PBXFrameworksBuildPhase;
			buildActionMask = 2147483647;
			files = (
			);
			runOnlyForDeploymentPostprocessing = 0;
		};
		EA013B791E1EDE9800472454 /* Frameworks */ = {
			isa = PBXFrameworksBuildPhase;
			buildActionMask = 2147483647;
			files = (
			);
			runOnlyForDeploymentPostprocessing = 0;
		};
/* End PBXFrameworksBuildPhase section */

/* Begin PBXGroup section */
		EA013B541E1EDE9800472454 = {
			isa = PBXGroup;
			children = (
				EAF4256C1E21DF2A00B60F05 /* SQLite.framework */,
				EA30D8B71E22A2AA0003B705 /* CHCSVParser */,
				EA013B5F1E1EDE9800472454 /* KKWords */,
				EA013B741E1EDE9800472454 /* KKWordsTests */,
				EA013B7F1E1EDE9800472454 /* KKWordsUITests */,
				EA013B5E1E1EDE9800472454 /* Products */,
				EAE8BDC31E21AFBB004D93C3 /* Frameworks */,
			);
			sourceTree = "<group>";
		};
		EA013B5E1E1EDE9800472454 /* Products */ = {
			isa = PBXGroup;
			children = (
				EA013B5D1E1EDE9800472454 /* KKWords.app */,
				EA013B711E1EDE9800472454 /* KKWordsTests.xctest */,
				EA013B7C1E1EDE9800472454 /* KKWordsUITests.xctest */,
			);
			name = Products;
			sourceTree = "<group>";
		};
		EA013B5F1E1EDE9800472454 /* KKWords */ = {
			isa = PBXGroup;
			children = (
				EA8218171E1EF9F20026127D /* Entities */,
				EAE8BD801E21A817004D93C3 /* KKWords-Bridging-Header.h */,
				EA013B601E1EDE9800472454 /* AppDelegate.swift */,
				EA013B671E1EDE9800472454 /* Assets.xcassets */,
				EA013B691E1EDE9800472454 /* Main.storyboard */,
				EA013B6C1E1EDE9800472454 /* Info.plist */,
				EA013B641E1EDE9800472454 /* KKWords.xcdatamodeld */,
				EA8218071E1EE21A0026127D /* WindowController.swift */,
				EA82180D1E1EEF990026127D /* QuizViewController.swift */,
				EA8218201E1F6CDD0026127D /* KKUtils.swift */,
				EABCD0451E20904900330648 /* KKPronounce.swift */,
				EA3C6C701E20469500838950 /* AppMenu.swift */,
				EABCD0471E215FED00330648 /* WarningBadge.swift */,
				EA439DF11E217B3300FF6EA3 /* SwiftTimer.swift */,
				EA30D8B51E22A1480003B705 /* KKWordFile.swift */,
				EA30D8BF1E22FE700003B705 /* PreferenceView.swift */,
				EA6C31941E24285000F88AC2 /* DispatchQueueAdaption.h */,
				EA6C31921E24264E00F88AC2 /* DispatchQueueAdaption.m */,
				EA6C31951E242A5700F88AC2 /* DispatchQueue+Adaption.swift */,
				EA6C31971E242F6B00F88AC2 /* RegroupAlertView.swift */,
			);
			path = KKWords;
			sourceTree = "<group>";
		};
		EA013B741E1EDE9800472454 /* KKWordsTests */ = {
			isa = PBXGroup;
			children = (
				EA013B751E1EDE9800472454 /* KKWordsTests.swift */,
				EA013B771E1EDE9800472454 /* Info.plist */,
			);
			path = KKWordsTests;
			sourceTree = "<group>";
		};
		EA013B7F1E1EDE9800472454 /* KKWordsUITests */ = {
			isa = PBXGroup;
			children = (
				EA013B801E1EDE9800472454 /* KKWordsUITests.swift */,
				EA013B821E1EDE9800472454 /* Info.plist */,
			);
			path = KKWordsUITests;
			sourceTree = "<group>";
		};
		EA30D8B71E22A2AA0003B705 /* CHCSVParser */ = {
			isa = PBXGroup;
			children = (
				EA30D8B81E22A2AA0003B705 /* CHCSVParser.h */,
				EA30D8B91E22A2AA0003B705 /* CHCSVParser.m */,
				EA30D8BD1E22A6CD0003B705 /* CSV.swift */,
			);
			path = CHCSVParser;
			sourceTree = "<group>";
		};
		EA8218171E1EF9F20026127D /* Entities */ = {
			isa = PBXGroup;
			children = (
				EABCD0331E20753E00330648 /* KKWords.storedata */,
				EABCD03D1E20776200330648 /* WordInfo+CoreDataClass.swift */,
				EABCD03E1E20776200330648 /* WordInfo+CoreDataProperties.swift */,
				EABCD03F1E20776200330648 /* WordList+CoreDataClass.swift */,
				EABCD0401E20776200330648 /* WordList+CoreDataProperties.swift */,
			);
			name = Entities;
			path = ..;
			sourceTree = "<group>";
		};
		EAE8BDC31E21AFBB004D93C3 /* Frameworks */ = {
			isa = PBXGroup;
			children = (
			);
			name = Frameworks;
			sourceTree = "<group>";
		};
/* End PBXGroup section */

/* Begin PBXNativeTarget section */
		EA013B5C1E1EDE9800472454 /* KKWords */ = {
			isa = PBXNativeTarget;
			buildConfigurationList = EA013B851E1EDE9800472454 /* Build configuration list for PBXNativeTarget "KKWords" */;
			buildPhases = (
				EA013B591E1EDE9800472454 /* Sources */,
				EA013B5A1E1EDE9800472454 /* Frameworks */,
				EA013B5B1E1EDE9800472454 /* Resources */,
				EAF425701E21DF3000B60F05 /* Embed Frameworks */,
			);
			buildRules = (
			);
			dependencies = (
			);
			name = KKWords;
			productName = KKWords;
			productReference = EA013B5D1E1EDE9800472454 /* KKWords.app */;
			productType = "com.apple.product-type.application";
		};
		EA013B701E1EDE9800472454 /* KKWordsTests */ = {
			isa = PBXNativeTarget;
			buildConfigurationList = EA013B881E1EDE9800472454 /* Build configuration list for PBXNativeTarget "KKWordsTests" */;
			buildPhases = (
				EA013B6D1E1EDE9800472454 /* Sources */,
				EA013B6E1E1EDE9800472454 /* Frameworks */,
				EA013B6F1E1EDE9800472454 /* Resources */,
			);
			buildRules = (
			);
			dependencies = (
				EA013B731E1EDE9800472454 /* PBXTargetDependency */,
			);
			name = KKWordsTests;
			productName = KKWordsTests;
			productReference = EA013B711E1EDE9800472454 /* KKWordsTests.xctest */;
			productType = "com.apple.product-type.bundle.unit-test";
		};
		EA013B7B1E1EDE9800472454 /* KKWordsUITests */ = {
			isa = PBXNativeTarget;
			buildConfigurationList = EA013B8B1E1EDE9800472454 /* Build configuration list for PBXNativeTarget "KKWordsUITests" */;
			buildPhases = (
				EA013B781E1EDE9800472454 /* Sources */,
				EA013B791E1EDE9800472454 /* Frameworks */,
				EA013B7A1E1EDE9800472454 /* Resources */,
			);
			buildRules = (
			);
			dependencies = (
				EA013B7E1E1EDE9800472454 /* PBXTargetDependency */,
			);
			name = KKWordsUITests;
			productName = KKWordsUITests;
			productReference = EA013B7C1E1EDE9800472454 /* KKWordsUITests.xctest */;
			productType = "com.apple.product-type.bundle.ui-testing";
		};
/* End PBXNativeTarget section */

/* Begin PBXProject section */
		EA013B551E1EDE9800472454 /* Project object */ = {
			isa = PBXProject;
			attributes = {
				LastSwiftUpdateCheck = 0800;
				LastUpgradeCheck = 0800;
				ORGANIZATIONNAME = "Kanzaki Mirai";
				TargetAttributes = {
					EA013B5C1E1EDE9800472454 = {
						CreatedOnToolsVersion = 8.0;
						DevelopmentTeam = 67UR597WRM;
						LastSwiftMigration = 0800;
						ProvisioningStyle = Automatic;
					};
					EA013B701E1EDE9800472454 = {
						CreatedOnToolsVersion = 8.0;
						DevelopmentTeam = 67UR597WRM;
						ProvisioningStyle = Automatic;
						TestTargetID = EA013B5C1E1EDE9800472454;
					};
					EA013B7B1E1EDE9800472454 = {
						CreatedOnToolsVersion = 8.0;
						DevelopmentTeam = 67UR597WRM;
						ProvisioningStyle = Automatic;
						TestTargetID = EA013B5C1E1EDE9800472454;
					};
				};
			};
			buildConfigurationList = EA013B581E1EDE9800472454 /* Build configuration list for PBXProject "KKWords" */;
			compatibilityVersion = "Xcode 3.2";
			developmentRegion = English;
			hasScannedForEncodings = 0;
			knownRegions = (
				en,
				Base,
			);
			mainGroup = EA013B541E1EDE9800472454;
			productRefGroup = EA013B5E1E1EDE9800472454 /* Products */;
			projectDirPath = "";
			projectRoot = "";
			targets = (
				EA013B5C1E1EDE9800472454 /* KKWords */,
				EA013B701E1EDE9800472454 /* KKWordsTests */,
				EA013B7B1E1EDE9800472454 /* KKWordsUITests */,
			);
		};
/* End PBXProject section */

/* Begin PBXResourcesBuildPhase section */
		EA013B5B1E1EDE9800472454 /* Resources */ = {
			isa = PBXResourcesBuildPhase;
			buildActionMask = 2147483647;
			files = (
				EA013B681E1EDE9800472454 /* Assets.xcassets in Resources */,
				EABCD0381E20753E00330648 /* KKWords.storedata in Resources */,
				EA013B6B1E1EDE9800472454 /* Main.storyboard in Resources */,
			);
			runOnlyForDeploymentPostprocessing = 0;
		};
		EA013B6F1E1EDE9800472454 /* Resources */ = {
			isa = PBXResourcesBuildPhase;
			buildActionMask = 2147483647;
			files = (
			);
			runOnlyForDeploymentPostprocessing = 0;
		};
		EA013B7A1E1EDE9800472454 /* Resources */ = {
			isa = PBXResourcesBuildPhase;
			buildActionMask = 2147483647;
			files = (
			);
			runOnlyForDeploymentPostprocessing = 0;
		};
/* End PBXResourcesBuildPhase section */

/* Begin PBXSourcesBuildPhase section */
		EA013B591E1EDE9800472454 /* Sources */ = {
			isa = PBXSourcesBuildPhase;
			buildActionMask = 2147483647;
			files = (
				EABCD0481E215FED00330648 /* WarningBadge.swift in Sources */,
				EABCD0421E20776200330648 /* WordInfo+CoreDataProperties.swift in Sources */,
				EA82180E1E1EEF990026127D /* QuizViewController.swift in Sources */,
				EA6C31931E24264E00F88AC2 /* DispatchQueueAdaption.m in Sources */,
				EA6C31961E242A5700F88AC2 /* DispatchQueue+Adaption.swift in Sources */,
				EA30D8C01E22FE700003B705 /* PreferenceView.swift in Sources */,
				EA8218081E1EE21A0026127D /* WindowController.swift in Sources */,
				EA439DF21E217B3300FF6EA3 /* SwiftTimer.swift in Sources */,
				EA6C31981E242F6B00F88AC2 /* RegroupAlertView.swift in Sources */,
				EABCD0411E20776200330648 /* WordInfo+CoreDataClass.swift in Sources */,
				EABCD0431E20776200330648 /* WordList+CoreDataClass.swift in Sources */,
				EA8218211E1F6CDD0026127D /* KKUtils.swift in Sources */,
				EA30D8B61E22A1480003B705 /* KKWordFile.swift in Sources */,
				EABCD0461E20904900330648 /* KKPronounce.swift in Sources */,
				EABCD0441E20776200330648 /* WordList+CoreDataProperties.swift in Sources */,
				EA30D8BB1E22A2AA0003B705 /* CHCSVParser.m in Sources */,
				EA30D8BE1E22A6CD0003B705 /* CSV.swift in Sources */,
				EA013B661E1EDE9800472454 /* KKWords.xcdatamodeld in Sources */,
				EA013B611E1EDE9800472454 /* AppDelegate.swift in Sources */,
				EA3C6C711E20469500838950 /* AppMenu.swift in Sources */,
			);
			runOnlyForDeploymentPostprocessing = 0;
		};
		EA013B6D1E1EDE9800472454 /* Sources */ = {
			isa = PBXSourcesBuildPhase;
			buildActionMask = 2147483647;
			files = (
				EA013B761E1EDE9800472454 /* KKWordsTests.swift in Sources */,
			);
			runOnlyForDeploymentPostprocessing = 0;
		};
		EA013B781E1EDE9800472454 /* Sources */ = {
			isa = PBXSourcesBuildPhase;
			buildActionMask = 2147483647;
			files = (
				EA013B811E1EDE9800472454 /* KKWordsUITests.swift in Sources */,
			);
			runOnlyForDeploymentPostprocessing = 0;
		};
/* End PBXSourcesBuildPhase section */

/* Begin PBXTargetDependency section */
		EA013B731E1EDE9800472454 /* PBXTargetDependency */ = {
			isa = PBXTargetDependency;
			target = EA013B5C1E1EDE9800472454 /* KKWords */;
			targetProxy = EA013B721E1EDE9800472454 /* PBXContainerItemProxy */;
		};
		EA013B7E1E1EDE9800472454 /* PBXTargetDependency */ = {
			isa = PBXTargetDependency;
			target = EA013B5C1E1EDE9800472454 /* KKWords */;
			targetProxy = EA013B7D1E1EDE9800472454 /* PBXContainerItemProxy */;
		};
/* End PBXTargetDependency section */

/* Begin PBXVariantGroup section */
		EA013B691E1EDE9800472454 /* Main.storyboard */ = {
			isa = PBXVariantGroup;
			children = (
				EA013B6A1E1EDE9800472454 /* Base */,
			);
			name = Main.storyboard;
			sourceTree = "<group>";
		};
/* End PBXVariantGroup section */

/* Begin XCBuildConfiguration section */
		EA013B831E1EDE9800472454 /* Debug */ = {
			isa = XCBuildConfiguration;
			buildSettings = {
				ALWAYS_SEARCH_USER_PATHS = NO;
				CLANG_ANALYZER_NONNULL = YES;
				CLANG_CXX_LANGUAGE_STANDARD = "gnu++0x";
				CLANG_CXX_LIBRARY = "libc++";
				CLANG_ENABLE_MODULES = YES;
				CLANG_ENABLE_OBJC_ARC = YES;
				CLANG_WARN_BOOL_CONVERSION = YES;
				CLANG_WARN_CONSTANT_CONVERSION = YES;
				CLANG_WARN_DIRECT_OBJC_ISA_USAGE = YES_ERROR;
				CLANG_WARN_DOCUMENTATION_COMMENTS = YES;
				CLANG_WARN_EMPTY_BODY = YES;
				CLANG_WARN_ENUM_CONVERSION = YES;
				CLANG_WARN_INFINITE_RECURSION = YES;
				CLANG_WARN_INT_CONVERSION = YES;
				CLANG_WARN_OBJC_ROOT_CLASS = YES_ERROR;
				CLANG_WARN_SUSPICIOUS_MOVES = YES;
				CLANG_WARN_UNREACHABLE_CODE = YES;
				CLANG_WARN__DUPLICATE_METHOD_MATCH = YES;
				CODE_SIGN_IDENTITY = "-";
				COPY_PHASE_STRIP = NO;
				DEBUG_INFORMATION_FORMAT = dwarf;
				ENABLE_STRICT_OBJC_MSGSEND = YES;
				ENABLE_TESTABILITY = YES;
				GCC_C_LANGUAGE_STANDARD = gnu99;
				GCC_DYNAMIC_NO_PIC = NO;
				GCC_NO_COMMON_BLOCKS = YES;
				GCC_OPTIMIZATION_LEVEL = 0;
				GCC_PREPROCESSOR_DEFINITIONS = (
					"DEBUG=1",
					"$(inherited)",
				);
				GCC_WARN_64_TO_32_BIT_CONVERSION = YES;
				GCC_WARN_ABOUT_RETURN_TYPE = YES_ERROR;
				GCC_WARN_UNDECLARED_SELECTOR = YES;
				GCC_WARN_UNINITIALIZED_AUTOS = YES_AGGRESSIVE;
				GCC_WARN_UNUSED_FUNCTION = YES;
				GCC_WARN_UNUSED_VARIABLE = YES;
				MACOSX_DEPLOYMENT_TARGET = 10.12;
				MTL_ENABLE_DEBUG_INFO = YES;
				ONLY_ACTIVE_ARCH = YES;
				SDKROOT = macosx;
				SWIFT_ACTIVE_COMPILATION_CONDITIONS = DEBUG;
				SWIFT_OPTIMIZATION_LEVEL = "-Onone";
			};
			name = Debug;
		};
		EA013B841E1EDE9800472454 /* Release */ = {
			isa = XCBuildConfiguration;
			buildSettings = {
				ALWAYS_SEARCH_USER_PATHS = NO;
				CLANG_ANALYZER_NONNULL = YES;
				CLANG_CXX_LANGUAGE_STANDARD = "gnu++0x";
				CLANG_CXX_LIBRARY = "libc++";
				CLANG_ENABLE_MODULES = YES;
				CLANG_ENABLE_OBJC_ARC = YES;
				CLANG_WARN_BOOL_CONVERSION = YES;
				CLANG_WARN_CONSTANT_CONVERSION = YES;
				CLANG_WARN_DIRECT_OBJC_ISA_USAGE = YES_ERROR;
				CLANG_WARN_DOCUMENTATION_COMMENTS = YES;
				CLANG_WARN_EMPTY_BODY = YES;
				CLANG_WARN_ENUM_CONVERSION = YES;
				CLANG_WARN_INFINITE_RECURSION = YES;
				CLANG_WARN_INT_CONVERSION = YES;
				CLANG_WARN_OBJC_ROOT_CLASS = YES_ERROR;
				CLANG_WARN_SUSPICIOUS_MOVES = YES;
				CLANG_WARN_UNREACHABLE_CODE = YES;
				CLANG_WARN__DUPLICATE_METHOD_MATCH = YES;
				CODE_SIGN_IDENTITY = "-";
				COPY_PHASE_STRIP = NO;
				DEBUG_INFORMATION_FORMAT = "dwarf-with-dsym";
				ENABLE_NS_ASSERTIONS = NO;
				ENABLE_STRICT_OBJC_MSGSEND = YES;
				GCC_C_LANGUAGE_STANDARD = gnu99;
				GCC_NO_COMMON_BLOCKS = YES;
				GCC_WARN_64_TO_32_BIT_CONVERSION = YES;
				GCC_WARN_ABOUT_RETURN_TYPE = YES_ERROR;
				GCC_WARN_UNDECLARED_SELECTOR = YES;
				GCC_WARN_UNINITIALIZED_AUTOS = YES_AGGRESSIVE;
				GCC_WARN_UNUSED_FUNCTION = YES;
				GCC_WARN_UNUSED_VARIABLE = YES;
				MACOSX_DEPLOYMENT_TARGET = 10.12;
				MTL_ENABLE_DEBUG_INFO = NO;
				SDKROOT = macosx;
				SWIFT_OPTIMIZATION_LEVEL = "-Owholemodule";
			};
			name = Release;
		};
		EA013B861E1EDE9800472454 /* Debug */ = {
			isa = XCBuildConfiguration;
			buildSettings = {
				ASSETCATALOG_COMPILER_APPICON_NAME = AppIcon;
				CLANG_ENABLE_MODULES = YES;
				COMBINE_HIDPI_IMAGES = YES;
				DEVELOPMENT_TEAM = 67UR597WRM;
				FRAMEWORK_SEARCH_PATHS = (
					"$(inherited)",
					"$(PROJECT_DIR)/Carthage/Build/Mac",
				);
				HEADER_SEARCH_PATHS = "";
				INFOPLIST_FILE = KKWords/Info.plist;
				LD_RUNPATH_SEARCH_PATHS = "$(inherited) @executable_path/../Frameworks";
				LIBRARY_SEARCH_PATHS = (
					"$(inherited)",
					"$(PROJECT_DIR)",
					"$(PROJECT_DIR)/KKWords",
				);
				MACOSX_DEPLOYMENT_TARGET = 10.9;
				PRODUCT_BUNDLE_IDENTIFIER = com.idickyt.KKWords;
				PRODUCT_NAME = "$(TARGET_NAME)";
				SWIFT_OBJC_BRIDGING_HEADER = "KKWords/KKWords-Bridging-Header.h";
				SWIFT_OPTIMIZATION_LEVEL = "-Onone";
				SWIFT_VERSION = 3.0;
			};
			name = Debug;
		};
		EA013B871E1EDE9800472454 /* Release */ = {
			isa = XCBuildConfiguration;
			buildSettings = {
				ASSETCATALOG_COMPILER_APPICON_NAME = AppIcon;
				CLANG_ENABLE_MODULES = YES;
				COMBINE_HIDPI_IMAGES = YES;
				DEVELOPMENT_TEAM = 67UR597WRM;
				FRAMEWORK_SEARCH_PATHS = (
					"$(inherited)",
					"$(PROJECT_DIR)/Carthage/Build/Mac",
				);
				HEADER_SEARCH_PATHS = "";
				INFOPLIST_FILE = KKWords/Info.plist;
				LD_RUNPATH_SEARCH_PATHS = "$(inherited) @executable_path/../Frameworks";
				LIBRARY_SEARCH_PATHS = (
					"$(inherited)",
					"$(PROJECT_DIR)",
					"$(PROJECT_DIR)/KKWords",
				);
				MACOSX_DEPLOYMENT_TARGET = 10.9;
				PRODUCT_BUNDLE_IDENTIFIER = com.idickyt.KKWords;
				PRODUCT_NAME = "$(TARGET_NAME)";
				SWIFT_OBJC_BRIDGING_HEADER = "KKWords/KKWords-Bridging-Header.h";
				SWIFT_VERSION = 3.0;
			};
			name = Release;
		};
		EA013B891E1EDE9800472454 /* Debug */ = {
			isa = XCBuildConfiguration;
			buildSettings = {
				ALWAYS_EMBED_SWIFT_STANDARD_LIBRARIES = YES;
				BUNDLE_LOADER = "$(TEST_HOST)";
				COMBINE_HIDPI_IMAGES = YES;
				DEVELOPMENT_TEAM = 67UR597WRM;
				INFOPLIST_FILE = KKWordsTests/Info.plist;
				LD_RUNPATH_SEARCH_PATHS = "$(inherited) @executable_path/../Frameworks @loader_path/../Frameworks";
				PRODUCT_BUNDLE_IDENTIFIER = com.idickyt.KKWordsTests;
				PRODUCT_NAME = "$(TARGET_NAME)";
				SWIFT_VERSION = 3.0;
				TEST_HOST = "$(BUILT_PRODUCTS_DIR)/KKWords.app/Contents/MacOS/KKWords";
			};
			name = Debug;
		};
		EA013B8A1E1EDE9800472454 /* Release */ = {
			isa = XCBuildConfiguration;
			buildSettings = {
				ALWAYS_EMBED_SWIFT_STANDARD_LIBRARIES = YES;
				BUNDLE_LOADER = "$(TEST_HOST)";
				COMBINE_HIDPI_IMAGES = YES;
				DEVELOPMENT_TEAM = 67UR597WRM;
				INFOPLIST_FILE = KKWordsTests/Info.plist;
				LD_RUNPATH_SEARCH_PATHS = "$(inherited) @executable_path/../Frameworks @loader_path/../Frameworks";
				PRODUCT_BUNDLE_IDENTIFIER = com.idickyt.KKWordsTests;
				PRODUCT_NAME = "$(TARGET_NAME)";
				SWIFT_VERSION = 3.0;
				TEST_HOST = "$(BUILT_PRODUCTS_DIR)/KKWords.app/Contents/MacOS/KKWords";
			};
			name = Release;
		};
		EA013B8C1E1EDE9800472454 /* Debug */ = {
			isa = XCBuildConfiguration;
			buildSettings = {
				ALWAYS_EMBED_SWIFT_STANDARD_LIBRARIES = YES;
				COMBINE_HIDPI_IMAGES = YES;
				DEVELOPMENT_TEAM = 67UR597WRM;
				INFOPLIST_FILE = KKWordsUITests/Info.plist;
				LD_RUNPATH_SEARCH_PATHS = "$(inherited) @executable_path/../Frameworks @loader_path/../Frameworks";
				PRODUCT_BUNDLE_IDENTIFIER = com.idickyt.KKWordsUITests;
				PRODUCT_NAME = "$(TARGET_NAME)";
				SWIFT_VERSION = 3.0;
				TEST_TARGET_NAME = KKWords;
			};
			name = Debug;
		};
		EA013B8D1E1EDE9800472454 /* Release */ = {
			isa = XCBuildConfiguration;
			buildSettings = {
				ALWAYS_EMBED_SWIFT_STANDARD_LIBRARIES = YES;
				COMBINE_HIDPI_IMAGES = YES;
				DEVELOPMENT_TEAM = 67UR597WRM;
				INFOPLIST_FILE = KKWordsUITests/Info.plist;
				LD_RUNPATH_SEARCH_PATHS = "$(inherited) @executable_path/../Frameworks @loader_path/../Frameworks";
				PRODUCT_BUNDLE_IDENTIFIER = com.idickyt.KKWordsUITests;
				PRODUCT_NAME = "$(TARGET_NAME)";
				SWIFT_VERSION = 3.0;
				TEST_TARGET_NAME = KKWords;
			};
			name = Release;
		};
/* End XCBuildConfiguration section */

/* Begin XCConfigurationList section */
		EA013B581E1EDE9800472454 /* Build configuration list for PBXProject "KKWords" */ = {
			isa = XCConfigurationList;
			buildConfigurations = (
				EA013B831E1EDE9800472454 /* Debug */,
				EA013B841E1EDE9800472454 /* Release */,
			);
			defaultConfigurationIsVisible = 0;
			defaultConfigurationName = Release;
		};
		EA013B851E1EDE9800472454 /* Build configuration list for PBXNativeTarget "KKWords" */ = {
			isa = XCConfigurationList;
			buildConfigurations = (
				EA013B861E1EDE9800472454 /* Debug */,
				EA013B871E1EDE9800472454 /* Release */,
			);
			defaultConfigurationIsVisible = 0;
			defaultConfigurationName = Release;
		};
		EA013B881E1EDE9800472454 /* Build configuration list for PBXNativeTarget "KKWordsTests" */ = {
			isa = XCConfigurationList;
			buildConfigurations = (
				EA013B891E1EDE9800472454 /* Debug */,
				EA013B8A1E1EDE9800472454 /* Release */,
			);
			defaultConfigurationIsVisible = 0;
			defaultConfigurationName = Release;
		};
		EA013B8B1E1EDE9800472454 /* Build configuration list for PBXNativeTarget "KKWordsUITests" */ = {
			isa = XCConfigurationList;
			buildConfigurations = (
				EA013B8C1E1EDE9800472454 /* Debug */,
				EA013B8D1E1EDE9800472454 /* Release */,
			);
			defaultConfigurationIsVisible = 0;
			defaultConfigurationName = Release;
		};
/* End XCConfigurationList section */

/* Begin XCVersionGroup section */
		EA013B641E1EDE9800472454 /* KKWords.xcdatamodeld */ = {
			isa = XCVersionGroup;
			children = (
				EA013B651E1EDE9800472454 /* KKWords.xcdatamodel */,
			);
			currentVersion = EA013B651E1EDE9800472454 /* KKWords.xcdatamodel */;
			path = KKWords.xcdatamodeld;
			sourceTree = "<group>";
			versionGroupType = wrapper.xcdatamodel;
		};
/* End XCVersionGroup section */
	};
	rootObject = EA013B551E1EDE9800472454 /* Project object */;
}
